
Microsoft Visual Studio Solution File, Format Version 12.00
# Visual Studio Version 17
VisualStudioVersion = 17.1.32328.378
MinimumVisualStudioVersion = 10.0.40219.1
Project("{FAE04EC0-301F-11D3-BF4B-00C04F79EFBC}") = "BankingSyestem", "BankingSyestem\BankingSyestem.csproj", "{00496A3E-B464-4003-9726-FF6B93EC2F04}"
EndProject
Global
	GlobalSection(SolutionConfigurationPlatforms) = preSolution
		Debug|Any CPU = Debug|Any CPU
		Release|Any CPU = Release|Any CPU
	EndGlobalSection
	GlobalSection(ProjectConfigurationPlatforms) = postSolution
		{00496A3E-B464-4003-9726-FF6B93EC2F04}.Debug|Any CPU.ActiveCfg = Debug|Any CPU
		{00496A3E-B464-4003-9726-FF6B93EC2F04}.Debug|Any CPU.Build.0 = Debug|Any CPU
		{00496A3E-B464-4003-9726-FF6B93EC2F04}.Release|Any CPU.ActiveCfg = Release|Any CPU
		{00496A3E-B464-4003-9726-FF6B93EC2F04}.Release|Any CPU.Build.0 = Release|Any CPU
	EndGlobalSection
	GlobalSection(SolutionProperties) = preSolution
		HideSolutionNode = FALSE
	EndGlobalSection
	GlobalSection(ExtensibilityGlobals) = postSolution
		SolutionGuid = {F4197319-2A24-48B5-8780-8BB7CF70FE9A}
	EndGlobalSection
EndGlobal
